
Microsoft Visual Studio Solution File, Format Version 12.00
# Visual Studio Version 16
VisualStudioVersion = 16.0.29911.84
MinimumVisualStudioVersion = 10.0.40219.1
Project("{9A19103F-16F7-4668-BE54-9A1E7A4F7556}") = "Laboratory1", "Laboratory1\Laboratory1.csproj", "{0AA62579-E73B-482E-87C8-DF018D4E6FE4}"
EndProject
Project("{9A19103F-16F7-4668-BE54-9A1E7A4F7556}") = "Laboratory4", "Laboratory4\Laboratory4.csproj", "{69516E18-56B8-46B8-8030-BE4B038F118F}"
EndProject
Project("{9A19103F-16F7-4668-BE54-9A1E7A4F7556}") = "Laboratory2-3", "Laboratory2-3\Laboratory2-3.csproj", "{60B24A70-A949-4C62-90AA-4842331853B4}"
EndProject
Project("{9A19103F-16F7-4668-BE54-9A1E7A4F7556}") = "Laboratory5", "Laboratory5\Laboratory5.csproj", "{47DA1D30-92FD-4BE7-A55A-64F778454881}"
EndProject
Project("{9A19103F-16F7-4668-BE54-9A1E7A4F7556}") = "Laboratory6", "Laboratory6\Laboratory6.csproj", "{451D1FDF-4D72-45C7-A895-569F858C3D97}"
EndProject
Project("{9A19103F-16F7-4668-BE54-9A1E7A4F7556}") = "Laboratory6_state", "Laboratory6_state\Laboratory6_state.csproj", "{21360E6C-BA74-4B7F-A3F1-66E59CF4CC80}"
EndProject
Project("{9A19103F-16F7-4668-BE54-9A1E7A4F7556}") = "Laboratory6_Chain_of_Responsibility", "Laboratory6_Chain_of_Responsibility\Laboratory6_Chain_of_Responsibility.csproj", "{E1C476A4-15FD-4B77-AD54-DFB849EBE425}"
EndProject
Project("{9A19103F-16F7-4668-BE54-9A1E7A4F7556}") = "Laboratory3", "Laboratory3\Laboratory3.csproj", "{04AA2713-14BE-4CEE-A22E-A2E2EAB67E27}"
EndProject
Project("{FAE04EC0-301F-11D3-BF4B-00C04F79EFBC}") = "Laboratory2", "Laboratory2\Laboratory2.csproj", "{09BF5098-6F5B-40D4-B31E-BD9663769066}"
EndProject
Global
	GlobalSection(SolutionConfigurationPlatforms) = preSolution
		Debug|Any CPU = Debug|Any CPU
		Release|Any CPU = Release|Any CPU
	EndGlobalSection
	GlobalSection(ProjectConfigurationPlatforms) = postSolution
		{0AA62579-E73B-482E-87C8-DF018D4E6FE4}.Debug|Any CPU.ActiveCfg = Debug|Any CPU
		{0AA62579-E73B-482E-87C8-DF018D4E6FE4}.Debug|Any CPU.Build.0 = Debug|Any CPU
		{0AA62579-E73B-482E-87C8-DF018D4E6FE4}.Release|Any CPU.ActiveCfg = Release|Any CPU
		{0AA62579-E73B-482E-87C8-DF018D4E6FE4}.Release|Any CPU.Build.0 = Release|Any CPU
		{69516E18-56B8-46B8-8030-BE4B038F118F}.Debug|Any CPU.ActiveCfg = Debug|Any CPU
		{69516E18-56B8-46B8-8030-BE4B038F118F}.Debug|Any CPU.Build.0 = Debug|Any CPU
		{69516E18-56B8-46B8-8030-BE4B038F118F}.Release|Any CPU.ActiveCfg = Release|Any CPU
		{69516E18-56B8-46B8-8030-BE4B038F118F}.Release|Any CPU.Build.0 = Release|Any CPU
		{60B24A70-A949-4C62-90AA-4842331853B4}.Debug|Any CPU.ActiveCfg = Debug|Any CPU
		{60B24A70-A949-4C62-90AA-4842331853B4}.Debug|Any CPU.Build.0 = Debug|Any CPU
		{60B24A70-A949-4C62-90AA-4842331853B4}.Release|Any CPU.ActiveCfg = Release|Any CPU
		{60B24A70-A949-4C62-90AA-4842331853B4}.Release|Any CPU.Build.0 = Release|Any CPU
		{47DA1D30-92FD-4BE7-A55A-64F778454881}.Debug|Any CPU.ActiveCfg = Debug|Any CPU
		{47DA1D30-92FD-4BE7-A55A-64F778454881}.Debug|Any CPU.Build.0 = Debug|Any CPU
		{47DA1D30-92FD-4BE7-A55A-64F778454881}.Release|Any CPU.ActiveCfg = Release|Any CPU
		{47DA1D30-92FD-4BE7-A55A-64F778454881}.Release|Any CPU.Build.0 = Release|Any CPU
		{451D1FDF-4D72-45C7-A895-569F858C3D97}.Debug|Any CPU.ActiveCfg = Debug|Any CPU
		{451D1FDF-4D72-45C7-A895-569F858C3D97}.Debug|Any CPU.Build.0 = Debug|Any CPU
		{451D1FDF-4D72-45C7-A895-569F858C3D97}.Release|Any CPU.ActiveCfg = Release|Any CPU
		{451D1FDF-4D72-45C7-A895-569F858C3D97}.Release|Any CPU.Build.0 = Release|Any CPU
		{21360E6C-BA74-4B7F-A3F1-66E59CF4CC80}.Debug|Any CPU.ActiveCfg = Debug|Any CPU
		{21360E6C-BA74-4B7F-A3F1-66E59CF4CC80}.Debug|Any CPU.Build.0 = Debug|Any CPU
		{21360E6C-BA74-4B7F-A3F1-66E59CF4CC80}.Release|Any CPU.ActiveCfg = Release|Any CPU
		{21360E6C-BA74-4B7F-A3F1-66E59CF4CC80}.Release|Any CPU.Build.0 = Release|Any CPU
		{E1C476A4-15FD-4B77-AD54-DFB849EBE425}.Debug|Any CPU.ActiveCfg = Debug|Any CPU
		{E1C476A4-15FD-4B77-AD54-DFB849EBE425}.Debug|Any CPU.Build.0 = Debug|Any CPU
		{E1C476A4-15FD-4B77-AD54-DFB849EBE425}.Release|Any CPU.ActiveCfg = Release|Any CPU
		{E1C476A4-15FD-4B77-AD54-DFB849EBE425}.Release|Any CPU.Build.0 = Release|Any CPU
		{04AA2713-14BE-4CEE-A22E-A2E2EAB67E27}.Debug|Any CPU.ActiveCfg = Debug|Any CPU
		{04AA2713-14BE-4CEE-A22E-A2E2EAB67E27}.Debug|Any CPU.Build.0 = Debug|Any CPU
		{04AA2713-14BE-4CEE-A22E-A2E2EAB67E27}.Release|Any CPU.ActiveCfg = Release|Any CPU
		{04AA2713-14BE-4CEE-A22E-A2E2EAB67E27}.Release|Any CPU.Build.0 = Release|Any CPU
		{09BF5098-6F5B-40D4-B31E-BD9663769066}.Debug|Any CPU.ActiveCfg = Debug|Any CPU
		{09BF5098-6F5B-40D4-B31E-BD9663769066}.Debug|Any CPU.Build.0 = Debug|Any CPU
		{09BF5098-6F5B-40D4-B31E-BD9663769066}.Release|Any CPU.ActiveCfg = Release|Any CPU
		{09BF5098-6F5B-40D4-B31E-BD9663769066}.Release|Any CPU.Build.0 = Release|Any CPU
	EndGlobalSection
	GlobalSection(SolutionProperties) = preSolution
		HideSolutionNode = FALSE
	EndGlobalSection
	GlobalSection(ExtensibilityGlobals) = postSolution
		SolutionGuid = {AB5F1381-EDBB-418E-88E6-AE4E12B1351F}
	EndGlobalSection
EndGlobal
